
Microsoft Visual Studio Solution File, Format Version 12.00
# Visual Studio 15
VisualStudioVersion = 15.0.28010.2050
MinimumVisualStudioVersion = 10.0.40219.1
Project("{FAE04EC0-301F-11D3-BF4B-00C04F79EFBC}") = "Phaola 02", "Phaola 02\Phaola 02.csproj", "{EC795D8B-42F5-498B-BB88-133C19DD7A0F}"
EndProject
Global
	GlobalSection(SolutionConfigurationPlatforms) = preSolution
		Debug|Any CPU = Debug|Any CPU
		Release|Any CPU = Release|Any CPU
	EndGlobalSection
	GlobalSection(ProjectConfigurationPlatforms) = postSolution
		{EC795D8B-42F5-498B-BB88-133C19DD7A0F}.Debug|Any CPU.ActiveCfg = Debug|Any CPU
		{EC795D8B-42F5-498B-BB88-133C19DD7A0F}.Debug|Any CPU.Build.0 = Debug|Any CPU
		{EC795D8B-42F5-498B-BB88-133C19DD7A0F}.Release|Any CPU.ActiveCfg = Release|Any CPU
		{EC795D8B-42F5-498B-BB88-133C19DD7A0F}.Release|Any CPU.Build.0 = Release|Any CPU
	EndGlobalSection
	GlobalSection(SolutionProperties) = preSolution
		HideSolutionNode = FALSE
	EndGlobalSection
	GlobalSection(ExtensibilityGlobals) = postSolution
		SolutionGuid = {670B16F3-8FC8-433C-9365-6EB847F47515}
	EndGlobalSection
EndGlobal
